Microsoft Visual Studio Solution File, Format Version 12.00
# Visual Studio Version 17
VisualStudioVersion = 17.5.2.0
MinimumVisualStudioVersion = 10.0.40219.1
Project("{FAE04EC0-301F-11D3-BF4B-00C04F79EFBC}") = "BulkyBooksWeb", "BulkyBooksWeb.csproj", "{6026C1BB-1C6E-272B-D16E-B43A5BCEB325}"
EndProject
Global
	GlobalSection(SolutionConfigurationPlatforms) = preSolution
		Debug|Any CPU = Debug|Any CPU
		Release|Any CPU = Release|Any CPU
	EndGlobalSection
	GlobalSection(ProjectConfigurationPlatforms) = postSolution
		{6026C1BB-1C6E-272B-D16E-B43A5BCEB325}.Debug|Any CPU.ActiveCfg = Debug|Any CPU
		{6026C1BB-1C6E-272B-D16E-B43A5BCEB325}.Debug|Any CPU.Build.0 = Debug|Any CPU
		{6026C1BB-1C6E-272B-D16E-B43A5BCEB325}.Release|Any CPU.ActiveCfg = Release|Any CPU
		{6026C1BB-1C6E-272B-D16E-B43A5BCEB325}.Release|Any CPU.Build.0 = Release|Any CPU
	EndGlobalSection
	GlobalSection(SolutionProperties) = preSolution
		HideSolutionNode = FALSE
	EndGlobalSection
	GlobalSection(ExtensibilityGlobals) = postSolution
		SolutionGuid = {7941E19A-D75C-4E45-80AE-E219851681EC}
	EndGlobalSection
EndGlobal
